// !$*UTF8*$!
{
	archiveVersion = 1;
	classes = {
	};
	objectVersion = 55;
	objects = {

/* Begin PBXBuildFile section */
		E83238E427D27702005913FB /* sunsetApp.swift in Sources */ = {isa = PBXBuildFile; fileRef = E83238E327D27702005913FB /* sunsetApp.swift */; };
		E83238E827D27704005913FB /* Assets.xcassets in Resources */ = {isa = PBXBuildFile; fileRef = E83238E727D27704005913FB /* Assets.xcassets */; };
		E83238EB27D27704005913FB /* Preview Assets.xcassets in Resources */ = {isa = PBXBuildFile; fileRef = E83238EA27D27704005913FB /* Preview Assets.xcassets */; };
		E83238F327D279AF005913FB /* MapView.swift in Sources */ = {isa = PBXBuildFile; fileRef = E83238F227D279AF005913FB /* MapView.swift */; };
		E841C54027D64F77003AB5CC /* LocationProvider.swift in Sources */ = {isa = PBXBuildFile; fileRef = E841C53F27D64F77003AB5CC /* LocationProvider.swift */; };
		E841C54327D65727003AB5CC /* MapViewModel.swift in Sources */ = {isa = PBXBuildFile; fileRef = E841C54227D65727003AB5CC /* MapViewModel.swift */; };
		E8DB5CE127D291F700D730C3 /* AddButton.swift in Sources */ = {isa = PBXBuildFile; fileRef = E8DB5CE027D291F700D730C3 /* AddButton.swift */; };
/* End PBXBuildFile section */

/* Begin PBXFileReference section */
		E83238E027D27702005913FB /* sunset.app */ = {isa = PBXFileReference; explicitFileType = wrapper.application; includeInIndex = 0; path = sunset.app; sourceTree = BUILT_PRODUCTS_DIR; };
		E83238E327D27702005913FB /* sunsetApp.swift */ = {isa = PBXFileReference; lastKnownFileType = sourcecode.swift; path = sunsetApp.swift; sourceTree = "<group>"; };
		E83238E727D27704005913FB /* Assets.xcassets */ = {isa = PBXFileReference; lastKnownFileType = folder.assetcatalog; path = Assets.xcassets; sourceTree = "<group>"; };
		E83238EA27D27704005913FB /* Preview Assets.xcassets */ = {isa = PBXFileReference; lastKnownFileType = folder.assetcatalog; path = "Preview Assets.xcassets"; sourceTree = "<group>"; };
		E83238F227D279AF005913FB /* MapView.swift */ = {isa = PBXFileReference; lastKnownFileType = sourcecode.swift; path = MapView.swift; sourceTree = "<group>"; };
		E841C53F27D64F77003AB5CC /* LocationProvider.swift */ = {isa = PBXFileReference; lastKnownFileType = sourcecode.swift; path = LocationProvider.swift; sourceTree = "<group>"; };
		E841C54227D65727003AB5CC /* MapViewModel.swift */ = {isa = PBXFileReference; lastKnownFileType = sourcecode.swift; path = MapViewModel.swift; sourceTree = "<group>"; };
		E8DB5CE027D291F700D730C3 /* AddButton.swift */ = {isa = PBXFileReference; lastKnownFileType = sourcecode.swift; path = AddButton.swift; sourceTree = "<group>"; };
/* End PBXFileReference section */

/* Begin PBXFrameworksBuildPhase section */
		E83238DD27D27702005913FB /* Frameworks */ = {
			isa = PBXFrameworksBuildPhase;
			buildActionMask = 2147483647;
			files = (
			);
			runOnlyForDeploymentPostprocessing = 0;
		};
/* End PBXFrameworksBuildPhase section */

/* Begin PBXGroup section */
		E83238D727D27702005913FB = {
			isa = PBXGroup;
			children = (
				E83238E227D27702005913FB /* sunset */,
				E83238E127D27702005913FB /* Products */,
			);
			sourceTree = "<group>";
		};
		E83238E127D27702005913FB /* Products */ = {
			isa = PBXGroup;
			children = (
				E83238E027D27702005913FB /* sunset.app */,
			);
			name = Products;
			sourceTree = "<group>";
		};
		E83238E227D27702005913FB /* sunset */ = {
			isa = PBXGroup;
			children = (
				E841C54127D6571A003AB5CC /* ViewModels */,
				E841C53E27D64F61003AB5CC /* Providers */,
				E8DB5CDE27D291B000D730C3 /* Components */,
				E83238F127D2799D005913FB /* Views */,
				E83238E327D27702005913FB /* sunsetApp.swift */,
				E83238E727D27704005913FB /* Assets.xcassets */,
				E83238E927D27704005913FB /* Preview Content */,
			);
			path = sunset;
			sourceTree = "<group>";
		};
		E83238E927D27704005913FB /* Preview Content */ = {
			isa = PBXGroup;
			children = (
				E83238EA27D27704005913FB /* Preview Assets.xcassets */,
			);
			path = "Preview Content";
			sourceTree = "<group>";
		};
		E83238F127D2799D005913FB /* Views */ = {
			isa = PBXGroup;
			children = (
				E83238F227D279AF005913FB /* MapView.swift */,
			);
			path = Views;
			sourceTree = "<group>";
		};
		E841C53E27D64F61003AB5CC /* Providers */ = {
			isa = PBXGroup;
			children = (
				E841C53F27D64F77003AB5CC /* LocationProvider.swift */,
			);
			path = Providers;
			sourceTree = "<group>";
		};
		E841C54127D6571A003AB5CC /* ViewModels */ = {
			isa = PBXGroup;
			children = (
				E841C54227D65727003AB5CC /* MapViewModel.swift */,
			);
			path = ViewModels;
			sourceTree = "<group>";
		};
		E8DB5CDE27D291B000D730C3 /* Components */ = {
			isa = PBXGroup;
			children = (
				E8DB5CDF27D291DC00D730C3 /* NavigationItems */,
			);
			path = Components;
			sourceTree = "<group>";
		};
		E8DB5CDF27D291DC00D730C3 /* NavigationItems */ = {
			isa = PBXGroup;
			children = (
				E8DB5CE027D291F700D730C3 /* AddButton.swift */,
			);
			path = NavigationItems;
			sourceTree = "<group>";
		};
/* End PBXGroup section */

/* Begin PBXNativeTarget section */
		E83238DF27D27702005913FB /* sunset */ = {
			isa = PBXNativeTarget;
			buildConfigurationList = E83238EE27D27704005913FB /* Build configuration list for PBXNativeTarget "sunset" */;
			buildPhases = (
				E83238DC27D27702005913FB /* Sources */,
				E83238DD27D27702005913FB /* Frameworks */,
				E83238DE27D27702005913FB /* Resources */,
			);
			buildRules = (
			);
			dependencies = (
			);
			name = sunset;
			productName = sunset;
			productReference = E83238E027D27702005913FB /* sunset.app */;
			productType = "com.apple.product-type.application";
		};
/* End PBXNativeTarget section */

/* Begin PBXProject section */
		E83238D827D27702005913FB /* Project object */ = {
			isa = PBXProject;
			attributes = {
				BuildIndependentTargetsInParallel = 1;
				LastSwiftUpdateCheck = 1310;
				LastUpgradeCheck = 1310;
				TargetAttributes = {
					E83238DF27D27702005913FB = {
						CreatedOnToolsVersion = 13.1;
					};
				};
			};
			buildConfigurationList = E83238DB27D27702005913FB /* Build configuration list for PBXProject "sunset" */;
			compatibilityVersion = "Xcode 13.0";
			developmentRegion = en;
			hasScannedForEncodings = 0;
			knownRegions = (
				en,
				Base,
			);
			mainGroup = E83238D727D27702005913FB;
			productRefGroup = E83238E127D27702005913FB /* Products */;
			projectDirPath = "";
			projectRoot = "";
			targets = (
				E83238DF27D27702005913FB /* sunset */,
			);
		};
/* End PBXProject section */

/* Begin PBXResourcesBuildPhase section */
		E83238DE27D27702005913FB /* Resources */ = {
			isa = PBXResourcesBuildPhase;
			buildActionMask = 2147483647;
			files = (
				E83238EB27D27704005913FB /* Preview Assets.xcassets in Resources */,
				E83238E827D27704005913FB /* Assets.xcassets in Resources */,
			);
			runOnlyForDeploymentPostprocessing = 0;
		};
/* End PBXResourcesBuildPhase section */

/* Begin PBXSourcesBuildPhase section */
		E83238DC27D27702005913FB /* Sources */ = {
			isa = PBXSourcesBuildPhase;
			buildActionMask = 2147483647;
			files = (
				E8DB5CE127D291F700D730C3 /* AddButton.swift in Sources */,
				E841C54327D65727003AB5CC /* MapViewModel.swift in Sources */,
				E841C54027D64F77003AB5CC /* LocationProvider.swift in Sources */,
				E83238F327D279AF005913FB /* MapView.swift in Sources */,
				E83238E427D27702005913FB /* sunsetApp.swift in Sources */,
			);
			runOnlyForDeploymentPostprocessing = 0;
		};
/* End PBXSourcesBuildPhase section */

/* Begin XCBuildConfiguration section */
		E83238EC27D27704005913FB /* Debug */ = {
			isa = XCBuildConfiguration;
			buildSettings = {
				ALWAYS_SEARCH_USER_PATHS = NO;
				CLANG_ANALYZER_NONNULL = YES;
				CLANG_ANALYZER_NUMBER_OBJECT_CONVERSION = YES_AGGRESSIVE;
				CLANG_CXX_LANGUAGE_STANDARD = "gnu++17";
				CLANG_CXX_LIBRARY = "libc++";
				CLANG_ENABLE_MODULES = YES;
				CLANG_ENABLE_OBJC_ARC = YES;
				CLANG_ENABLE_OBJC_WEAK = YES;
				CLANG_WARN_BLOCK_CAPTURE_AUTORELEASING = YES;
				CLANG_WARN_BOOL_CONVERSION = YES;
				CLANG_WARN_COMMA = YES;
				CLANG_WARN_CONSTANT_CONVERSION = YES;
				CLANG_WARN_DEPRECATED_OBJC_IMPLEMENTATIONS = YES;
				CLANG_WARN_DIRECT_OBJC_ISA_USAGE = YES_ERROR;
				CLANG_WARN_DOCUMENTATION_COMMENTS = YES;
				CLANG_WARN_EMPTY_BODY = YES;
				CLANG_WARN_ENUM_CONVERSION = YES;
				CLANG_WARN_INFINITE_RECURSION = YES;
				CLANG_WARN_INT_CONVERSION = YES;
				CLANG_WARN_NON_LITERAL_NULL_CONVERSION = YES;
				CLANG_WARN_OBJC_IMPLICIT_RETAIN_SELF = YES;
				CLANG_WARN_OBJC_LITERAL_CONVERSION = YES;
				CLANG_WARN_OBJC_ROOT_CLASS = YES_ERROR;
				CLANG_WARN_QUOTED_INCLUDE_IN_FRAMEWORK_HEADER = YES;
				CLANG_WARN_RANGE_LOOP_ANALYSIS = YES;
				CLANG_WARN_STRICT_PROTOTYPES = YES;
				CLANG_WARN_SUSPICIOUS_MOVE = YES;
				CLANG_WARN_UNGUARDED_AVAILABILITY = YES_AGGRESSIVE;
				CLANG_WARN_UNREACHABLE_CODE = YES;
				CLANG_WARN__DUPLICATE_METHOD_MATCH = YES;
				COPY_PHASE_STRIP = NO;
				DEBUG_INFORMATION_FORMAT = dwarf;
				ENABLE_STRICT_OBJC_MSGSEND = YES;
				ENABLE_TESTABILITY = YES;
				GCC_C_LANGUAGE_STANDARD = gnu11;
				GCC_DYNAMIC_NO_PIC = NO;
				GCC_NO_COMMON_BLOCKS = YES;
				GCC_OPTIMIZATION_LEVEL = 0;
				GCC_PREPROCESSOR_DEFINITIONS = (
					"DEBUG=1",
					"$(inherited)",
				);
				GCC_WARN_64_TO_32_BIT_CONVERSION = YES;
				GCC_WARN_ABOUT_RETURN_TYPE = YES_ERROR;
				GCC_WARN_UNDECLARED_SELECTOR = YES;
				GCC_WARN_UNINITIALIZED_AUTOS = YES_AGGRESSIVE;
				GCC_WARN_UNUSED_FUNCTION = YES;
				GCC_WARN_UNUSED_VARIABLE = YES;
				IPHONEOS_DEPLOYMENT_TARGET = 15.0;
				MTL_ENABLE_DEBUG_INFO = INCLUDE_SOURCE;
				MTL_FAST_MATH = YES;
				ONLY_ACTIVE_ARCH = YES;
				SDKROOT = iphoneos;
				SWIFT_ACTIVE_COMPILATION_CONDITIONS = DEBUG;
				SWIFT_OPTIMIZATION_LEVEL = "-Onone";
			};
			name = Debug;
		};
		E83238ED27D27704005913FB /* Release */ = {
			isa = XCBuildConfiguration;
			buildSettings = {
				ALWAYS_SEARCH_USER_PATHS = NO;
				CLANG_ANALYZER_NONNULL = YES;
				CLANG_ANALYZER_NUMBER_OBJECT_CONVERSION = YES_AGGRESSIVE;
				CLANG_CXX_LANGUAGE_STANDARD = "gnu++17";
				CLANG_CXX_LIBRARY = "libc++";
				CLANG_ENABLE_MODULES = YES;
				CLANG_ENABLE_OBJC_ARC = YES;
				CLANG_ENABLE_OBJC_WEAK = YES;
				CLANG_WARN_BLOCK_CAPTURE_AUTORELEASING = YES;
				CLANG_WARN_BOOL_CONVERSION = YES;
				CLANG_WARN_COMMA = YES;
				CLANG_WARN_CONSTANT_CONVERSION = YES;
				CLANG_WARN_DEPRECATED_OBJC_IMPLEMENTATIONS = YES;
				CLANG_WARN_DIRECT_OBJC_ISA_USAGE = YES_ERROR;
				CLANG_WARN_DOCUMENTATION_COMMENTS = YES;
				CLANG_WARN_EMPTY_BODY = YES;
				CLANG_WARN_ENUM_CONVERSION = YES;
				CLANG_WARN_INFINITE_RECURSION = YES;
				CLANG_WARN_INT_CONVERSION = YES;
				CLANG_WARN_NON_LITERAL_NULL_CONVERSION = YES;
				CLANG_WARN_OBJC_IMPLICIT_RETAIN_SELF = YES;
				CLANG_WARN_OBJC_LITERAL_CONVERSION = YES;
				CLANG_WARN_OBJC_ROOT_CLASS = YES_ERROR;
				CLANG_WARN_QUOTED_INCLUDE_IN_FRAMEWORK_HEADER = YES;
				CLANG_WARN_RANGE_LOOP_ANALYSIS = YES;
				CLANG_WARN_STRICT_PROTOTYPES = YES;
				CLANG_WARN_SUSPICIOUS_MOVE = YES;
				CLANG_WARN_UNGUARDED_AVAILABILITY = YES_AGGRESSIVE;
				CLANG_WARN_UNREACHABLE_CODE = YES;
				CLANG_WARN__DUPLICATE_METHOD_MATCH = YES;
				COPY_PHASE_STRIP = NO;
				DEBUG_INFORMATION_FORMAT = "dwarf-with-dsym";
				ENABLE_NS_ASSERTIONS = NO;
				ENABLE_STRICT_OBJC_MSGSEND = YES;
				GCC_C_LANGUAGE_STANDARD = gnu11;
				GCC_NO_COMMON_BLOCKS = YES;
				GCC_WARN_64_TO_32_BIT_CONVERSION = YES;
				GCC_WARN_ABOUT_RETURN_TYPE = YES_ERROR;
				GCC_WARN_UNDECLARED_SELECTOR = YES;
				GCC_WARN_UNINITIALIZED_AUTOS = YES_AGGRESSIVE;
				GCC_WARN_UNUSED_FUNCTION = YES;
				GCC_WARN_UNUSED_VARIABLE = YES;
				IPHONEOS_DEPLOYMENT_TARGET = 15.0;
				MTL_ENABLE_DEBUG_INFO = NO;
				MTL_FAST_MATH = YES;
				SDKROOT = iphoneos;
				SWIFT_COMPILATION_MODE = wholemodule;
				SWIFT_OPTIMIZATION_LEVEL = "-O";
				VALIDATE_PRODUCT = YES;
			};
			name = Release;
		};
		E83238EF27D27704005913FB /* Debug */ = {
			isa = XCBuildConfiguration;
			buildSettings = {
				ASSETCATALOG_COMPILER_APPICON_NAME = AppIcon;
				ASSETCATALOG_COMPILER_GLOBAL_ACCENT_COLOR_NAME = AccentColor;
				CODE_SIGN_STYLE = Automatic;
				CURRENT_PROJECT_VERSION = 1;
				DEVELOPMENT_ASSET_PATHS = "\"sunset/Preview Content\"";
				DEVELOPMENT_TEAM = W989F39VWK;
				ENABLE_PREVIEWS = YES;
				GENERATE_INFOPLIST_FILE = YES;
				INFOPLIST_KEY_NSLocationWhenInUseUsageDescription = Aceitas;
				INFOPLIST_KEY_UIApplicationSceneManifest_Generation = YES;
				INFOPLIST_KEY_UIApplicationSupportsIndirectInputEvents = YES;
				INFOPLIST_KEY_UILaunchScreen_Generation = YES;
				INFOPLIST_KEY_UISupportedInterfaceOrientations_iPad = "UIInterfaceOrientationPortrait UIInterfaceOrientationPortraitUpsideDown UIInterfaceOrientationLandscapeLeft UIInterfaceOrientationLandscapeRight";
				INFOPLIST_KEY_UISupportedInterfaceOrientations_iPhone = "UIInterfaceOrientationPortrait UIInterfaceOrientationLandscapeLeft UIInterfaceOrientationLandscapeRight";
				LD_RUNPATH_SEARCH_PATHS = (
					"$(inherited)",
					"@executable_path/Frameworks",
				);
				MARKETING_VERSION = 1.0;
				PRODUCT_BUNDLE_IDENTIFIER = pedromota.sunset;
				PRODUCT_NAME = "$(TARGET_NAME)";
				SWIFT_EMIT_LOC_STRINGS = YES;
				SWIFT_VERSION = 5.0;
				TARGETED_DEVICE_FAMILY = "1,2";
			};
			name = Debug;
		};
		E83238F027D27704005913FB /* Release */ = {
			isa = XCBuildConfiguration;
			buildSettings = {
				ASSETCATALOG_COMPILER_APPICON_NAME = AppIcon;
				ASSETCATALOG_COMPILER_GLOBAL_ACCENT_COLOR_NAME = AccentColor;
				CODE_SIGN_STYLE = Automatic;
				CURRENT_PROJECT_VERSION = 1;
				DEVELOPMENT_ASSET_PATHS = "\"sunset/Preview Content\"";
				DEVELOPMENT_TEAM = W989F39VWK;
				ENABLE_PREVIEWS = YES;
				GENERATE_INFOPLIST_FILE = YES;
				INFOPLIST_KEY_NSLocationWhenInUseUsageDescription = Aceitas;
				INFOPLIST_KEY_UIApplicationSceneManifest_Generation = YES;
				INFOPLIST_KEY_UIApplicationSupportsIndirectInputEvents = YES;
				INFOPLIST_KEY_UILaunchScreen_Generation = YES;
				INFOPLIST_KEY_UISupportedInterfaceOrientations_iPad = "UIInterfaceOrientationPortrait UIInterfaceOrientationPortraitUpsideDown UIInterfaceOrientationLandscapeLeft UIInterfaceOrientationLandscapeRight";
				INFOPLIST_KEY_UISupportedInterfaceOrientations_iPhone = "UIInterfaceOrientationPortrait UIInterfaceOrientationLandscapeLeft UIInterfaceOrientationLandscapeRight";
				LD_RUNPATH_SEARCH_PATHS = (
					"$(inherited)",
					"@executable_path/Frameworks",
				);
				MARKETING_VERSION = 1.0;
				PRODUCT_BUNDLE_IDENTIFIER = pedromota.sunset;
				PRODUCT_NAME = "$(TARGET_NAME)";
				SWIFT_EMIT_LOC_STRINGS = YES;
				SWIFT_VERSION = 5.0;
				TARGETED_DEVICE_FAMILY = "1,2";
			};
			name = Release;
		};
/* End XCBuildConfiguration section */

/* Begin XCConfigurationList section */
		E83238DB27D27702005913FB /* Build configuration list for PBXProject "sunset" */ = {
			isa = XCConfigurationList;
			buildConfigurations = (
				E83238EC27D27704005913FB /* Debug */,
				E83238ED27D27704005913FB /* Release */,
			);
			defaultConfigurationIsVisible = 0;
			defaultConfigurationName = Release;
		};
		E83238EE27D27704005913FB /* Build configuration list for PBXNativeTarget "sunset" */ = {
			isa = XCConfigurationList;
			buildConfigurations = (
				E83238EF27D27704005913FB /* Debug */,
				E83238F027D27704005913FB /* Release */,
			);
			defaultConfigurationIsVisible = 0;
			defaultConfigurationName = Release;
		};
/* End XCConfigurationList section */
	};
	rootObject = E83238D827D27702005913FB /* Project object */;
}
